
Microsoft Visual Studio Solution File, Format Version 12.00
# Visual Studio Version 16
VisualStudioVersion = 16.0.30503.244
MinimumVisualStudioVersion = 10.0.40219.1
Project("{FAE04EC0-301F-11D3-BF4B-00C04F79EFBC}") = "UWPApp", "UWPApp\UWPApp.csproj", "{531B405A-A53A-4A9D-B8D4-ABA62FD04277}"
EndProject
Project("{FAE04EC0-301F-11D3-BF4B-00C04F79EFBC}") = "SharedLibrary", "SharedLibrary\SharedLibrary.csproj", "{E877235D-1D56-4BEA-9495-D222CEBCD288}"
EndProject
Project("{9A19103F-16F7-4668-BE54-9A1E7A4F7556}") = "AzureFunction", "AzureFunction\AzureFunction.csproj", "{ABE5FC40-8996-45AB-992C-13048510943D}"
EndProject
Global
	GlobalSection(SolutionConfigurationPlatforms) = preSolution
		Debug|Any CPU = Debug|Any CPU
		Debug|ARM = Debug|ARM
		Debug|ARM64 = Debug|ARM64
		Debug|x64 = Debug|x64
		Debug|x86 = Debug|x86
		Release|Any CPU = Release|Any CPU
		Release|ARM = Release|ARM
		Release|ARM64 = Release|ARM64
		Release|x64 = Release|x64
		Release|x86 = Release|x86
	EndGlobalSection
	GlobalSection(ProjectConfigurationPlatforms) = postSolution
		{531B405A-A53A-4A9D-B8D4-ABA62FD04277}.Debug|Any CPU.ActiveCfg = Debug|x86
		{531B405A-A53A-4A9D-B8D4-ABA62FD04277}.Debug|ARM.ActiveCfg = Debug|ARM
		{531B405A-A53A-4A9D-B8D4-ABA62FD04277}.Debug|ARM.Build.0 = Debug|ARM
		{531B405A-A53A-4A9D-B8D4-ABA62FD04277}.Debug|ARM.Deploy.0 = Debug|ARM
		{531B405A-A53A-4A9D-B8D4-ABA62FD04277}.Debug|ARM64.ActiveCfg = Debug|ARM64
		{531B405A-A53A-4A9D-B8D4-ABA62FD04277}.Debug|ARM64.Build.0 = Debug|ARM64
		{531B405A-A53A-4A9D-B8D4-ABA62FD04277}.Debug|ARM64.Deploy.0 = Debug|ARM64
		{531B405A-A53A-4A9D-B8D4-ABA62FD04277}.Debug|x64.ActiveCfg = Debug|x64
		{531B405A-A53A-4A9D-B8D4-ABA62FD04277}.Debug|x64.Build.0 = Debug|x64
		{531B405A-A53A-4A9D-B8D4-ABA62FD04277}.Debug|x64.Deploy.0 = Debug|x64
		{531B405A-A53A-4A9D-B8D4-ABA62FD04277}.Debug|x86.ActiveCfg = Debug|x86
		{531B405A-A53A-4A9D-B8D4-ABA62FD04277}.Debug|x86.Build.0 = Debug|x86
		{531B405A-A53A-4A9D-B8D4-ABA62FD04277}.Debug|x86.Deploy.0 = Debug|x86
		{531B405A-A53A-4A9D-B8D4-ABA62FD04277}.Release|Any CPU.ActiveCfg = Release|x86
		{531B405A-A53A-4A9D-B8D4-ABA62FD04277}.Release|ARM.ActiveCfg = Release|ARM
		{531B405A-A53A-4A9D-B8D4-ABA62FD04277}.Release|ARM.Build.0 = Release|ARM
		{531B405A-A53A-4A9D-B8D4-ABA62FD04277}.Release|ARM.Deploy.0 = Release|ARM
		{531B405A-A53A-4A9D-B8D4-ABA62FD04277}.Release|ARM64.ActiveCfg = Release|ARM64
		{531B405A-A53A-4A9D-B8D4-ABA62FD04277}.Release|ARM64.Build.0 = Release|ARM64
		{531B405A-A53A-4A9D-B8D4-ABA62FD04277}.Release|ARM64.Deploy.0 = Release|ARM64
		{531B405A-A53A-4A9D-B8D4-ABA62FD04277}.Release|x64.ActiveCfg = Release|x64
		{531B405A-A53A-4A9D-B8D4-ABA62FD04277}.Release|x64.Build.0 = Release|x64
		{531B405A-A53A-4A9D-B8D4-ABA62FD04277}.Release|x64.Deploy.0 = Release|x64
		{531B405A-A53A-4A9D-B8D4-ABA62FD04277}.Release|x86.ActiveCfg = Release|x86
		{531B405A-A53A-4A9D-B8D4-ABA62FD04277}.Release|x86.Build.0 = Release|x86
		{531B405A-A53A-4A9D-B8D4-ABA62FD04277}.Release|x86.Deploy.0 = Release|x86
		{E877235D-1D56-4BEA-9495-D222CEBCD288}.Debug|Any CPU.ActiveCfg = Debug|Any CPU
		{E877235D-1D56-4BEA-9495-D222CEBCD288}.Debug|Any CPU.Build.0 = Debug|Any CPU
		{E877235D-1D56-4BEA-9495-D222CEBCD288}.Debug|ARM.ActiveCfg = Debug|ARM
		{E877235D-1D56-4BEA-9495-D222CEBCD288}.Debug|ARM.Build.0 = Debug|ARM
		{E877235D-1D56-4BEA-9495-D222CEBCD288}.Debug|ARM64.ActiveCfg = Debug|ARM64
		{E877235D-1D56-4BEA-9495-D222CEBCD288}.Debug|ARM64.Build.0 = Debug|ARM64
		{E877235D-1D56-4BEA-9495-D222CEBCD288}.Debug|x64.ActiveCfg = Debug|x64
		{E877235D-1D56-4BEA-9495-D222CEBCD288}.Debug|x64.Build.0 = Debug|x64
		{E877235D-1D56-4BEA-9495-D222CEBCD288}.Debug|x86.ActiveCfg = Debug|x86
		{E877235D-1D56-4BEA-9495-D222CEBCD288}.Debug|x86.Build.0 = Debug|x86
		{E877235D-1D56-4BEA-9495-D222CEBCD288}.Release|Any CPU.ActiveCfg = Release|Any CPU
		{E877235D-1D56-4BEA-9495-D222CEBCD288}.Release|Any CPU.Build.0 = Release|Any CPU
		{E877235D-1D56-4BEA-9495-D222CEBCD288}.Release|ARM.ActiveCfg = Release|ARM
		{E877235D-1D56-4BEA-9495-D222CEBCD288}.Release|ARM.Build.0 = Release|ARM
		{E877235D-1D56-4BEA-9495-D222CEBCD288}.Release|ARM64.ActiveCfg = Release|ARM64
		{E877235D-1D56-4BEA-9495-D222CEBCD288}.Release|ARM64.Build.0 = Release|ARM64
		{E877235D-1D56-4BEA-9495-D222CEBCD288}.Release|x64.ActiveCfg = Release|x64
		{E877235D-1D56-4BEA-9495-D222CEBCD288}.Release|x64.Build.0 = Release|x64
		{E877235D-1D56-4BEA-9495-D222CEBCD288}.Release|x86.ActiveCfg = Release|x86
		{E877235D-1D56-4BEA-9495-D222CEBCD288}.Release|x86.Build.0 = Release|x86
		{ABE5FC40-8996-45AB-992C-13048510943D}.Debug|Any CPU.ActiveCfg = Debug|Any CPU
		{ABE5FC40-8996-45AB-992C-13048510943D}.Debug|Any CPU.Build.0 = Debug|Any CPU
		{ABE5FC40-8996-45AB-992C-13048510943D}.Debug|ARM.ActiveCfg = Debug|Any CPU
		{ABE5FC40-8996-45AB-992C-13048510943D}.Debug|ARM.Build.0 = Debug|Any CPU
		{ABE5FC40-8996-45AB-992C-13048510943D}.Debug|ARM64.ActiveCfg = Debug|Any CPU
		{ABE5FC40-8996-45AB-992C-13048510943D}.Debug|ARM64.Build.0 = Debug|Any CPU
		{ABE5FC40-8996-45AB-992C-13048510943D}.Debug|x64.ActiveCfg = Debug|Any CPU
		{ABE5FC40-8996-45AB-992C-13048510943D}.Debug|x64.Build.0 = Debug|Any CPU
		{ABE5FC40-8996-45AB-992C-13048510943D}.Debug|x86.ActiveCfg = Debug|Any CPU
		{ABE5FC40-8996-45AB-992C-13048510943D}.Debug|x86.Build.0 = Debug|Any CPU
		{ABE5FC40-8996-45AB-992C-13048510943D}.Release|Any CPU.ActiveCfg = Release|Any CPU
		{ABE5FC40-8996-45AB-992C-13048510943D}.Release|Any CPU.Build.0 = Release|Any CPU
		{ABE5FC40-8996-45AB-992C-13048510943D}.Release|ARM.ActiveCfg = Release|Any CPU
		{ABE5FC40-8996-45AB-992C-13048510943D}.Release|ARM.Build.0 = Release|Any CPU
		{ABE5FC40-8996-45AB-992C-13048510943D}.Release|ARM64.ActiveCfg = Release|Any CPU
		{ABE5FC40-8996-45AB-992C-13048510943D}.Release|ARM64.Build.0 = Release|Any CPU
		{ABE5FC40-8996-45AB-992C-13048510943D}.Release|x64.ActiveCfg = Release|Any CPU
		{ABE5FC40-8996-45AB-992C-13048510943D}.Release|x64.Build.0 = Release|Any CPU
		{ABE5FC40-8996-45AB-992C-13048510943D}.Release|x86.ActiveCfg = Release|Any CPU
		{ABE5FC40-8996-45AB-992C-13048510943D}.Release|x86.Build.0 = Release|Any CPU
	EndGlobalSection
	GlobalSection(SolutionProperties) = preSolution
		HideSolutionNode = FALSE
	EndGlobalSection
	GlobalSection(ExtensibilityGlobals) = postSolution
		SolutionGuid = {7577DD41-2A67-4957-8116-06CDDAFFB169}
	EndGlobalSection
EndGlobal
